
Microsoft Visual Studio Solution File, Format Version 12.00
# Visual Studio Version 16
VisualStudioVersion = 16.0.29020.237
MinimumVisualStudioVersion = 10.0.40219.1
Project("{9A19103F-16F7-4668-BE54-9A1E7A4F7556}") = "Ecommerce", "Ecommerce\Ecommerce.csproj", "{F436C608-AD2A-4EA5-B74F-5C42F1BB7388}"
EndProject
Project("{9A19103F-16F7-4668-BE54-9A1E7A4F7556}") = "Ecommerce.Common", "Ecommerce.Common\Ecommerce.Common.csproj", "{0681E1B3-4795-4E61-B8FD-2B141E2AB840}"
EndProject
Project("{9A19103F-16F7-4668-BE54-9A1E7A4F7556}") = "Ecommerce.Api", "Ecommerce.Api\Ecommerce.Api.csproj", "{94F138BD-FE6B-4896-A355-867389ABCDD7}"
EndProject
Project("{FAE04EC0-301F-11D3-BF4B-00C04F79EFBC}") = "Ecommerce.Web", "Ecommerce.Web\Ecommerce.Web.csproj", "{BF1A96BD-7B85-4527-81CF-93F12A50EE18}"
EndProject
Global
	GlobalSection(SolutionConfigurationPlatforms) = preSolution
		Debug|Any CPU = Debug|Any CPU
		Release|Any CPU = Release|Any CPU
	EndGlobalSection
	GlobalSection(ProjectConfigurationPlatforms) = postSolution
		{F436C608-AD2A-4EA5-B74F-5C42F1BB7388}.Debug|Any CPU.ActiveCfg = Debug|Any CPU
		{F436C608-AD2A-4EA5-B74F-5C42F1BB7388}.Debug|Any CPU.Build.0 = Debug|Any CPU
		{F436C608-AD2A-4EA5-B74F-5C42F1BB7388}.Release|Any CPU.ActiveCfg = Release|Any CPU
		{F436C608-AD2A-4EA5-B74F-5C42F1BB7388}.Release|Any CPU.Build.0 = Release|Any CPU
		{0681E1B3-4795-4E61-B8FD-2B141E2AB840}.Debug|Any CPU.ActiveCfg = Debug|Any CPU
		{0681E1B3-4795-4E61-B8FD-2B141E2AB840}.Debug|Any CPU.Build.0 = Debug|Any CPU
		{0681E1B3-4795-4E61-B8FD-2B141E2AB840}.Release|Any CPU.ActiveCfg = Release|Any CPU
		{0681E1B3-4795-4E61-B8FD-2B141E2AB840}.Release|Any CPU.Build.0 = Release|Any CPU
		{94F138BD-FE6B-4896-A355-867389ABCDD7}.Debug|Any CPU.ActiveCfg = Debug|Any CPU
		{94F138BD-FE6B-4896-A355-867389ABCDD7}.Debug|Any CPU.Build.0 = Debug|Any CPU
		{94F138BD-FE6B-4896-A355-867389ABCDD7}.Release|Any CPU.ActiveCfg = Release|Any CPU
		{94F138BD-FE6B-4896-A355-867389ABCDD7}.Release|Any CPU.Build.0 = Release|Any CPU
		{BF1A96BD-7B85-4527-81CF-93F12A50EE18}.Debug|Any CPU.ActiveCfg = Debug|Any CPU
		{BF1A96BD-7B85-4527-81CF-93F12A50EE18}.Debug|Any CPU.Build.0 = Debug|Any CPU
		{BF1A96BD-7B85-4527-81CF-93F12A50EE18}.Release|Any CPU.ActiveCfg = Release|Any CPU
		{BF1A96BD-7B85-4527-81CF-93F12A50EE18}.Release|Any CPU.Build.0 = Release|Any CPU
	EndGlobalSection
	GlobalSection(SolutionProperties) = preSolution
		HideSolutionNode = FALSE
	EndGlobalSection
	GlobalSection(ExtensibilityGlobals) = postSolution
		SolutionGuid = {02F85566-B7A0-41AE-9878-4E278F181EA8}
	EndGlobalSection
EndGlobal
